
Microsoft Visual Studio Solution File, Format Version 12.00
# Visual Studio Version 17
VisualStudioVersion = 17.0.32014.148
MinimumVisualStudioVersion = 10.0.40219.1
Project("{FAE04EC0-301F-11D3-BF4B-00C04F79EFBC}") = "ConsoleApp1", "ConsoleApp1.csproj", "{3D7B58C0-7CB7-4E66-849A-B7AA9271440B}"
EndProject
Global
	GlobalSection(SolutionConfigurationPlatforms) = preSolution
		Debug|Any CPU = Debug|Any CPU
		Release|Any CPU = Release|Any CPU
	EndGlobalSection
	GlobalSection(ProjectConfigurationPlatforms) = postSolution
		{3D7B58C0-7CB7-4E66-849A-B7AA9271440B}.Debug|Any CPU.ActiveCfg = Debug|Any CPU
		{3D7B58C0-7CB7-4E66-849A-B7AA9271440B}.Debug|Any CPU.Build.0 = Debug|Any CPU
		{3D7B58C0-7CB7-4E66-849A-B7AA9271440B}.Release|Any CPU.ActiveCfg = Release|Any CPU
		{3D7B58C0-7CB7-4E66-849A-B7AA9271440B}.Release|Any CPU.Build.0 = Release|Any CPU
	EndGlobalSection
	GlobalSection(SolutionProperties) = preSolution
		HideSolutionNode = FALSE
	EndGlobalSection
	GlobalSection(ExtensibilityGlobals) = postSolution
		SolutionGuid = {08289D24-BC63-4825-8DE6-0092E571E1F0}
	EndGlobalSection
EndGlobal
